schema: '2.0'
stages:
  preprocess:
    cmd: uv run src/text_classifier/scripts/preprocess.py
    deps:
    - path: data/datasets/raw_dataset.csv
      hash: md5
      md5: d92d6bcee48517556e16f6569391a90e
      size: 142825
    - path: src/text_classifier/config/config.py
      hash: md5
      md5: 277b35763af325e3878cf516316f1a1f
      size: 1734
    - path: src/text_classifier/data/preprocessing.py
      hash: md5
      md5: 70f96aa3e415fd5b713f6dde901ca3c1
      size: 998
    - path: src/text_classifier/save_load.py
      hash: md5
      md5: b4c49ad75964a14b13fc9aeebd67e4d2
      size: 2091
    outs:
    - path: data/datasets/preprocessed_dataset.parquet
      hash: md5
      md5: d358450cebe5da0f3e1331c75fb193ae
      size: 82797
  features:
    cmd: uv run src/text_classifier/scripts/build_features.py
    deps:
    - path: data/datasets/preprocessed_dataset.parquet
      hash: md5
      md5: d358450cebe5da0f3e1331c75fb193ae
      size: 82797
    - path: src/text_classifier/config/config.py
      hash: md5
      md5: 277b35763af325e3878cf516316f1a1f
      size: 1734
    - path: src/text_classifier/data/features.py
      hash: md5
      md5: 4b4df1fc0368ff1d8693e98c7da01ce9
      size: 2277
    - path: src/text_classifier/save_load.py
      hash: md5
      md5: b4c49ad75964a14b13fc9aeebd67e4d2
      size: 2091
    outs:
    - path: data/datasets/feature_dataset.parquet
      hash: md5
      md5: 685d847ee53100dc4578870ba050ffa6
      size: 150752
  train:
    cmd: uv run src/text_classifier/scripts/train.py
    deps:
    - path: data/datasets/splits/X_train.parquet
      hash: md5
      md5: c6a9543ab30338c1ee6570c0e3fc3b68
      size: 1453016
    - path: data/datasets/splits/y_train.parquet
      hash: md5
      md5: d545603e02afd22bd1bb3edb0b5073a9
      size: 5514
    - path: params.yaml
      hash: md5
      md5: 30a9579ec4442e10d3de0709d38dbad6
      size: 631
    - path: src/text_classifier/config/config.py
      hash: md5
      md5: 277b35763af325e3878cf516316f1a1f
      size: 1734
    - path: src/text_classifier/config/loader.py
      hash: md5
      md5: 7c50168732490a5359ee63ad7abe4cdd
      size: 2495
    - path: src/text_classifier/data/loader.py
      hash: md5
      md5: 7f9140b092059ca7e9e2eb07e9cabecf
      size: 284
    - path: src/text_classifier/model/model_selection.py
      hash: md5
      md5: d62eda87deeba5e3509bd757edc9af53
      size: 2137
    - path: src/text_classifier/model/models.py
      hash: md5
      md5: 5782546295affd348d7a27cca3cc9f1d
      size: 4126
    - path: src/text_classifier/model/pipeline.py
      hash: md5
      md5: 91ad93275186b37043f72a1605819ca4
      size: 695
    - path: src/text_classifier/model/training.py
      hash: md5
      md5: a13e988dd62a210ce34e088bd3da395d
      size: 2264
    - path: src/text_classifier/save_load.py
      hash: md5
      md5: b4c49ad75964a14b13fc9aeebd67e4d2
      size: 2091
    - path: src/text_classifier/schema.py
      hash: md5
      md5: 118845059b36f43ed4a2c97d5f6fb921
      size: 1083
    outs:
    - path: artifacts/train/best_estimator.joblib
      hash: md5
      md5: 1dd466a0696d4ed54da528f39e9be941
      size: 3207826
    - path: artifacts/train/best_params.json
      hash: md5
      md5: 7d528ddb15a2a0141c2c6e3ee7523db9
      size: 222
    - path: artifacts/train/best_score.txt
      hash: md5
      md5: 2e0680f5147bbd087eb5f481b97ea0f7
      size: 18
    - path: artifacts/train/cv_results.parquet
      hash: md5
      md5: cf862b17b1aceabb4bea9a926f849cc3
      size: 28716
    - path: artifacts/train/run_id.txt
      hash: md5
      md5: d1ee0584064aa349011140a605f7eb35
      size: 32
  build_model_dataset:
    cmd: uv run src/text_classifier/scripts/build_model_dataset.py
    deps:
    - path: data/datasets/embedding_dataset.parquet
      hash: md5
      md5: 22f2bf0a260b8b5677b8a6ef5112e53a
      size: 1901106
    - path: src/text_classifier/config/config.py
      hash: md5
      md5: 277b35763af325e3878cf516316f1a1f
      size: 1734
    - path: src/text_classifier/data/model_data.py
      hash: md5
      md5: 8491c416541b35f72329d129043d3aae
      size: 324
    - path: src/text_classifier/save_load.py
      hash: md5
      md5: b4c49ad75964a14b13fc9aeebd67e4d2
      size: 2091
    outs:
    - path: data/datasets/model_dataset.parquet
      hash: md5
      md5: 422406930130752bf41e49069887a493
      size: 1762485
  build_train_test_datasets:
    cmd: uv run src/text_classifier/scripts/build_train_test_datasets.py
    deps:
    - path: data/datasets/model_dataset.parquet
      hash: md5
      md5: 422406930130752bf41e49069887a493
      size: 1762485
    - path: src/text_classifier/config/config.py
      hash: md5
      md5: 277b35763af325e3878cf516316f1a1f
      size: 1734
    - path: src/text_classifier/data/split.py
      hash: md5
      md5: 92c1469ce99034a0b1ccd1060c8375ba
      size: 1766
    - path: src/text_classifier/save_load.py
      hash: md5
      md5: b4c49ad75964a14b13fc9aeebd67e4d2
      size: 2091
    - path: src/text_classifier/schema.py
      hash: md5
      md5: 118845059b36f43ed4a2c97d5f6fb921
      size: 1083
    outs:
    - path: artifacts/label_encoder.joblib
      hash: md5
      md5: 3870c5e596cd145a73d38259ef4488d3
      size: 537
    - path: data/datasets/splits/X_test.parquet
      hash: md5
      md5: 455f3c70cdcb5b9a46cefaad35ee678a
      size: 510599
    - path: data/datasets/splits/X_train.parquet
      hash: md5
      md5: c6a9543ab30338c1ee6570c0e3fc3b68
      size: 1453016
    - path: data/datasets/splits/y_test.parquet
      hash: md5
      md5: d0d450fa576b2aef75f8154f7f5f6107
      size: 2961
    - path: data/datasets/splits/y_train.parquet
      hash: md5
      md5: d545603e02afd22bd1bb3edb0b5073a9
      size: 5514
  evaluate:
    cmd: uv run src/text_classifier/scripts/evaluate.py
    deps:
    - path: artifacts/train/best_estimator.joblib
      hash: md5
      md5: 1dd466a0696d4ed54da528f39e9be941
      size: 3207826
    - path: data/datasets/splits/X_test.parquet
      hash: md5
      md5: 455f3c70cdcb5b9a46cefaad35ee678a
      size: 510599
    - path: data/datasets/splits/y_test.parquet
      hash: md5
      md5: d0d450fa576b2aef75f8154f7f5f6107
      size: 2961
    - path: src/text_classifier/config/config.py
      hash: md5
      md5: 277b35763af325e3878cf516316f1a1f
      size: 1734
    - path: src/text_classifier/data/loader.py
      hash: md5
      md5: 7f9140b092059ca7e9e2eb07e9cabecf
      size: 284
    - path: src/text_classifier/evaluation/eval.py
      hash: md5
      md5: 40bb04ffefd508088bd70931753ad476
      size: 3086
    - path: src/text_classifier/evaluation/metrics.py
      hash: md5
      md5: 167f99c47bca2e64703eea65ee39260f
      size: 1675
    - path: src/text_classifier/evaluation/plots.py
      hash: md5
      md5: 6169f124ba5420ca1078b442aa087339
      size: 9090
    - path: src/text_classifier/model/predictions.py
      hash: md5
      md5: 1808f43f06602d8ac53780962273212e
      size: 879
    - path: src/text_classifier/protocols.py
      hash: md5
      md5: 17b367f5b6adf4e77d5fba6c3f048ad0
      size: 306
    - path: src/text_classifier/save_load.py
      hash: md5
      md5: b4c49ad75964a14b13fc9aeebd67e4d2
      size: 2091
    - path: src/text_classifier/schema.py
      hash: md5
      md5: 118845059b36f43ed4a2c97d5f6fb921
      size: 1083
    outs:
    - path: artifacts/eval/figs
      hash: md5
      md5: f6e5d83207e6c1abce49d85ae6e9113d.dir
      size: 94451
      nfiles: 3
    - path: artifacts/eval/metrics/test_metrics.json
      hash: md5
      md5: d1920bc737cb0fbcf74a479950d7f58a
      size: 369
    - path: artifacts/eval/plots
      hash: md5
      md5: 64f505d605cb0133b9f6c29f54cc7a46.dir
      size: 61827
      nfiles: 3
  promote:
    cmd: uv run src/text_classifier/scripts/promote.py
    deps:
    - path: artifacts/eval/metrics/test_metrics.json
      hash: md5
      md5: d1920bc737cb0fbcf74a479950d7f58a
      size: 369
    - path: artifacts/train/model_version.txt
      hash: md5
      md5: 6512bd43d9caa6e02c990b0a82652dca
      size: 2
    - path: config/promote.yaml
      hash: md5
      md5: cb4f436b5a1f99d75a1175a023921366
      size: 65
    - path: src/text_classifier/config/config.py
      hash: md5
      md5: 277b35763af325e3878cf516316f1a1f
      size: 1734
    - path: src/text_classifier/promotion/promotion.py
      hash: md5
      md5: d50e2bac420b3802a6675fe61b132a34
      size: 2346
    - path: src/text_classifier/save_load.py
      hash: md5
      md5: b4c49ad75964a14b13fc9aeebd67e4d2
      size: 2091
    - path: src/text_classifier/scripts/promote.py
      hash: md5
      md5: 0e13b43a7d01c637684cb486bde15ee3
      size: 1075
  embeddings:
    cmd: uv run src/text_classifier/scripts/build_embeddings.py
    deps:
    - path: data/datasets/feature_dataset.parquet
      hash: md5
      md5: 685d847ee53100dc4578870ba050ffa6
      size: 150752
    - path: src/text_classifier/config/config.py
      hash: md5
      md5: 277b35763af325e3878cf516316f1a1f
      size: 1734
    - path: src/text_classifier/data/embeddings.py
      hash: md5
      md5: be2a9276a25574bfffcc7ba6ef093726
      size: 8615
    - path: src/text_classifier/save_load.py
      hash: md5
      md5: b4c49ad75964a14b13fc9aeebd67e4d2
      size: 2091
    outs:
    - path: data/datasets/embedding_dataset.parquet
      hash: md5
      md5: 22f2bf0a260b8b5677b8a6ef5112e53a
      size: 1901106
