schema: '2.0'
stages:
  preprocess:
    cmd: uv run src/text_classifier/scripts/preprocess.py
    deps:
    - path: data/datasets/raw_dataset.csv
      hash: md5
      md5: d92d6bcee48517556e16f6569391a90e
      size: 142825
    - path: src/text_classifier/config/config.py
      hash: md5
      md5: 1b45fee23e533527263e7d42577c4825
      size: 1723
    - path: src/text_classifier/data/preprocessing.py
      hash: md5
      md5: 70f96aa3e415fd5b713f6dde901ca3c1
      size: 998
    - path: src/text_classifier/save_load.py
      hash: md5
      md5: b4c49ad75964a14b13fc9aeebd67e4d2
      size: 2091
    outs:
    - path: data/datasets/preprocessed_dataset.parquet
      hash: md5
      md5: d358450cebe5da0f3e1331c75fb193ae
      size: 82797
  features:
    cmd: uv run src/text_classifier/scripts/build_features.py
    deps:
    - path: data/datasets/preprocessed_dataset.parquet
      hash: md5
      md5: d358450cebe5da0f3e1331c75fb193ae
      size: 82797
    - path: src/text_classifier/config/config.py
      hash: md5
      md5: 1b45fee23e533527263e7d42577c4825
      size: 1723
    - path: src/text_classifier/data/features.py
      hash: md5
      md5: 4b4df1fc0368ff1d8693e98c7da01ce9
      size: 2277
    - path: src/text_classifier/save_load.py
      hash: md5
      md5: b4c49ad75964a14b13fc9aeebd67e4d2
      size: 2091
    outs:
    - path: data/datasets/feature_dataset.parquet
      hash: md5
      md5: 685d847ee53100dc4578870ba050ffa6
      size: 150752
  train:
    cmd: uv run src/text_classifier/scripts/train.py
    deps:
    - path: data/datasets/splits/X_train.parquet
      hash: md5
      md5: 4b38510b2b8f741fbff151a78b41d747
      size: 1453014
    - path: data/datasets/splits/y_train.parquet
      hash: md5
      md5: a7ac896b4bf37e53b5126e0635158d9b
      size: 5510
    - path: params.yaml
      hash: md5
      md5: 246aaffb4a777f8c6718ed80ebfac4d5
      size: 637
    - path: src/text_classifier/config/config.py
      hash: md5
      md5: 1b45fee23e533527263e7d42577c4825
      size: 1723
    - path: src/text_classifier/config/loader.py
      hash: md5
      md5: 7c50168732490a5359ee63ad7abe4cdd
      size: 2495
    - path: src/text_classifier/data/loader.py
      hash: md5
      md5: 7f9140b092059ca7e9e2eb07e9cabecf
      size: 284
    - path: src/text_classifier/model/model_selection.py
      hash: md5
      md5: 3373e8e82cc70e9d5c5c839b1e0cd6c0
      size: 2047
    - path: src/text_classifier/model/models.py
      hash: md5
      md5: 4818fe809bf66e6f2f9222ecdc2843d7
      size: 3971
    - path: src/text_classifier/model/pipeline.py
      hash: md5
      md5: 91ad93275186b37043f72a1605819ca4
      size: 695
    - path: src/text_classifier/model/training.py
      hash: md5
      md5: 403dcbc0819a749fc264015aedfff310
      size: 2119
    - path: src/text_classifier/save_load.py
      hash: md5
      md5: b4c49ad75964a14b13fc9aeebd67e4d2
      size: 2091
    - path: src/text_classifier/schema.py
      hash: md5
      md5: 118845059b36f43ed4a2c97d5f6fb921
      size: 1083
    outs:
    - path: artifacts/train/best_estimator.joblib
      hash: md5
      md5: 6a46058b0792ac394373d1b968ff12ff
      size: 1038546
    - path: artifacts/train/best_params.json
      hash: md5
      md5: 6e333010f00662cf006787079373055e
      size: 222
    - path: artifacts/train/best_score.txt
      hash: md5
      md5: ef3fd50067723b403c27bc09a08ea594
      size: 18
    - path: artifacts/train/cv_results.parquet
      hash: md5
      md5: 1f652b98c46489f7b30c2b9cdd75fbaf
      size: 14933
    - path: artifacts/train/run_id.txt
      hash: md5
      md5: 3d21064f426aa941add42973051a413c
      size: 32
  build_model_dataset:
    cmd: uv run src/text_classifier/scripts/build_model_dataset.py
    deps:
    - path: data/datasets/embedding_dataset.parquet
      hash: md5
      md5: 22f2bf0a260b8b5677b8a6ef5112e53a
      size: 1901106
    - path: src/text_classifier/config/config.py
      hash: md5
      md5: 1b45fee23e533527263e7d42577c4825
      size: 1723
    - path: src/text_classifier/data/model_data.py
      hash: md5
      md5: 8491c416541b35f72329d129043d3aae
      size: 324
    - path: src/text_classifier/save_load.py
      hash: md5
      md5: b4c49ad75964a14b13fc9aeebd67e4d2
      size: 2091
    outs:
    - path: data/datasets/model_dataset.parquet
      hash: md5
      md5: 422406930130752bf41e49069887a493
      size: 1762485
  build_train_test_datasets:
    cmd: uv run src/text_classifier/scripts/build_train_test_datasets.py
    deps:
    - path: data/datasets/model_dataset.parquet
      hash: md5
      md5: 422406930130752bf41e49069887a493
      size: 1762485
    - path: src/text_classifier/config/config.py
      hash: md5
      md5: 1b45fee23e533527263e7d42577c4825
      size: 1723
    - path: src/text_classifier/data/split.py
      hash: md5
      md5: a70d05eb657a3f27eddd6369bb0fea5e
      size: 1778
    - path: src/text_classifier/save_load.py
      hash: md5
      md5: b4c49ad75964a14b13fc9aeebd67e4d2
      size: 2091
    - path: src/text_classifier/schema.py
      hash: md5
      md5: 118845059b36f43ed4a2c97d5f6fb921
      size: 1083
    outs:
    - path: artifacts/label_encoder.joblib
      hash: md5
      md5: 3870c5e596cd145a73d38259ef4488d3
      size: 537
    - path: data/datasets/splits/X_test.parquet
      hash: md5
      md5: 6665507e8ab81f779bad859edde46b85
      size: 510591
    - path: data/datasets/splits/X_train.parquet
      hash: md5
      md5: 4b38510b2b8f741fbff151a78b41d747
      size: 1453014
    - path: data/datasets/splits/y_test.parquet
      hash: md5
      md5: 01c42b91d16a0f0e04f04b1989c65200
      size: 2962
    - path: data/datasets/splits/y_train.parquet
      hash: md5
      md5: a7ac896b4bf37e53b5126e0635158d9b
      size: 5510
  evaluate:
    cmd: uv run src/text_classifier/scripts/evaluate.py
    deps:
    - path: artifacts/train/best_estimator.joblib
      hash: md5
      md5: 6a46058b0792ac394373d1b968ff12ff
      size: 1038546
    - path: data/datasets/splits/X_test.parquet
      hash: md5
      md5: 6665507e8ab81f779bad859edde46b85
      size: 510591
    - path: data/datasets/splits/y_test.parquet
      hash: md5
      md5: 01c42b91d16a0f0e04f04b1989c65200
      size: 2962
    - path: src/text_classifier/config/config.py
      hash: md5
      md5: 1b45fee23e533527263e7d42577c4825
      size: 1723
    - path: src/text_classifier/data/loader.py
      hash: md5
      md5: 7f9140b092059ca7e9e2eb07e9cabecf
      size: 284
    - path: src/text_classifier/evaluation/eval.py
      hash: md5
      md5: 40bb04ffefd508088bd70931753ad476
      size: 3086
    - path: src/text_classifier/evaluation/metrics.py
      hash: md5
      md5: 167f99c47bca2e64703eea65ee39260f
      size: 1675
    - path: src/text_classifier/evaluation/plots.py
      hash: md5
      md5: 6c6af049981dae9328083c522b239610
      size: 9079
    - path: src/text_classifier/model/predictions.py
      hash: md5
      md5: 1808f43f06602d8ac53780962273212e
      size: 879
    - path: src/text_classifier/protocols.py
      hash: md5
      md5: 17b367f5b6adf4e77d5fba6c3f048ad0
      size: 306
    - path: src/text_classifier/save_load.py
      hash: md5
      md5: b4c49ad75964a14b13fc9aeebd67e4d2
      size: 2091
    - path: src/text_classifier/schema.py
      hash: md5
      md5: 118845059b36f43ed4a2c97d5f6fb921
      size: 1083
    outs:
    - path: artifacts/eval/figs
      hash: md5
      md5: 2efda5c89e8ceff7fa0ecab29bf2c519.dir
      size: 95608
      nfiles: 3
    - path: artifacts/eval/metrics/test_metrics.json
      hash: md5
      md5: 362ff2c13777c0e8a5efd64145f3e200
      size: 369
    - path: artifacts/eval/plots
      hash: md5
      md5: cbaae77e269f2035e783e9df93c77ebd.dir
      size: 65169
      nfiles: 3
  promote:
    cmd: uv run src/text_classifier/scripts/promote.py
    deps:
    - path: artifacts/eval/metrics/test_metrics.json
      hash: md5
      md5: 362ff2c13777c0e8a5efd64145f3e200
      size: 369
    - path: artifacts/train/model_version.txt
      hash: md5
      md5: 37693cfc748049e45d87b8c7d8b9aacd
      size: 2
    - path: config/promote.yaml
      hash: md5
      md5: cb4f436b5a1f99d75a1175a023921366
      size: 65
    - path: src/text_classifier/config/config.py
      hash: md5
      md5: 1b45fee23e533527263e7d42577c4825
      size: 1723
    - path: src/text_classifier/promotion/promotion.py
      hash: md5
      md5: d50e2bac420b3802a6675fe61b132a34
      size: 2346
    - path: src/text_classifier/save_load.py
      hash: md5
      md5: b4c49ad75964a14b13fc9aeebd67e4d2
      size: 2091
    - path: src/text_classifier/scripts/promote.py
      hash: md5
      md5: 0e13b43a7d01c637684cb486bde15ee3
      size: 1075
  embeddings:
    cmd: uv run src/text_classifier/scripts/build_embeddings.py
    deps:
    - path: data/datasets/feature_dataset.parquet
      hash: md5
      md5: 685d847ee53100dc4578870ba050ffa6
      size: 150752
    - path: src/text_classifier/config/config.py
      hash: md5
      md5: 1b45fee23e533527263e7d42577c4825
      size: 1723
    - path: src/text_classifier/data/embeddings.py
      hash: md5
      md5: aa40afae64c5d9d67ca55775764d4f5f
      size: 8559
    - path: src/text_classifier/save_load.py
      hash: md5
      md5: b4c49ad75964a14b13fc9aeebd67e4d2
      size: 2091
    outs:
    - path: data/datasets/embedding_dataset.parquet
      hash: md5
      md5: 22f2bf0a260b8b5677b8a6ef5112e53a
      size: 1901106
