schema: '2.0'
stages:
  preprocess:
    cmd: uv run src/text_classifier/scripts/preprocess.py
    deps:
    - path: data/datasets/raw_dataset.csv
      hash: md5
      md5: d92d6bcee48517556e16f6569391a90e
      size: 142825
    - path: src/text_classifier/config/config.py
      hash: md5
      md5: b21834be5dae0f449533b0a2cce539cc
      size: 1542
    - path: src/text_classifier/config/logging_config.py
      hash: md5
      md5: a631bbfc142badf7f5e6b48637b8b7b8
      size: 208
    - path: src/text_classifier/data/preprocessing.py
      hash: md5
      md5: d1d82e77ad68c23958b9d36704e65f83
      size: 1064
    - path: src/text_classifier/save_load.py
      hash: md5
      md5: b4c49ad75964a14b13fc9aeebd67e4d2
      size: 2091
    outs:
    - path: data/datasets/preprocessed_dataset.parquet
      hash: md5
      md5: d358450cebe5da0f3e1331c75fb193ae
      size: 82797
  features:
    cmd: uv run src/text_classifier/scripts/build_features.py
    deps:
    - path: data/datasets/preprocessed_dataset.parquet
      hash: md5
      md5: d358450cebe5da0f3e1331c75fb193ae
      size: 82797
    - path: src/text_classifier/config/config.py
      hash: md5
      md5: b21834be5dae0f449533b0a2cce539cc
      size: 1542
    - path: src/text_classifier/config/logging_config.py
      hash: md5
      md5: a631bbfc142badf7f5e6b48637b8b7b8
      size: 208
    - path: src/text_classifier/data/embeddings.py
      hash: md5
      md5: 4ce2969c46711519ec6ca413e3313dcf
      size: 7451
    - path: src/text_classifier/data/features.py
      hash: md5
      md5: 1f70991798649b85759b18b2e3dbcb0a
      size: 2314
    - path: src/text_classifier/save_load.py
      hash: md5
      md5: b4c49ad75964a14b13fc9aeebd67e4d2
      size: 2091
    outs:
    - path: data/datasets/feature_dataset.parquet
      hash: md5
      md5: 815081a9f3eb56bd3e7fc6657e3d4729
      size: 2563599
  train:
    cmd: uv run src/text_classifier/scripts/train.py
    deps:
    - path: data/datasets/splits/X_train.parquet
      hash: md5
      md5: e06f43848378f2ea701777b7dc5d7a23
      size: 1990446
    - path: data/datasets/splits/y_train.parquet
      hash: md5
      md5: 920077ca58d1f9cc1d1c98676e7b44d1
      size: 5394
    - path: params.yaml
      hash: md5
      md5: 6f2917030a130316da0a9f949b160e2c
      size: 574
    - path: src/text_classifier/config/config.py
      hash: md5
      md5: b21834be5dae0f449533b0a2cce539cc
      size: 1542
    - path: src/text_classifier/config/loader.py
      hash: md5
      md5: 7c50168732490a5359ee63ad7abe4cdd
      size: 2495
    - path: src/text_classifier/config/logging_config.py
      hash: md5
      md5: a631bbfc142badf7f5e6b48637b8b7b8
      size: 208
    - path: src/text_classifier/data/loader.py
      hash: md5
      md5: 7f9140b092059ca7e9e2eb07e9cabecf
      size: 284
    - path: src/text_classifier/model/model_selection.py
      hash: md5
      md5: 3373e8e82cc70e9d5c5c839b1e0cd6c0
      size: 2047
    - path: src/text_classifier/model/models.py
      hash: md5
      md5: 4818fe809bf66e6f2f9222ecdc2843d7
      size: 3971
    - path: src/text_classifier/model/pipeline.py
      hash: md5
      md5: 0c212c656986dd0a3233dc1ebe7c50db
      size: 666
    - path: src/text_classifier/model/training.py
      hash: md5
      md5: a27f8a58d672963d37cda259b3b04551
      size: 1821
    - path: src/text_classifier/save_load.py
      hash: md5
      md5: b4c49ad75964a14b13fc9aeebd67e4d2
      size: 2091
    - path: src/text_classifier/schema.py
      hash: md5
      md5: 2cc3ab16eceb2b59e68a4931291a044e
      size: 709
    outs:
    - path: artifacts/train/best_estimator.joblib
      hash: md5
      md5: 3644c3416c3a5e713d6e41892ea219ad
      size: 200866
    - path: artifacts/train/best_params.json
      hash: md5
      md5: 8d81b2b04d6f7ce101106d656d70eabe
      size: 156
    - path: artifacts/train/best_score.txt
      hash: md5
      md5: 426ddf08d51eb0a3135dfa81c3463642
      size: 18
    - path: artifacts/train/cv_results.parquet
      hash: md5
      md5: b754789af08e71ad4c839fb2d7db9172
      size: 13289
    - path: artifacts/train/run_id.txt
      hash: md5
      md5: 5b389434fc65d9697607547a8d9a1319
      size: 32
  build_model_dataset:
    cmd: uv run src/text_classifier/scripts/build_model_dataset.py
    deps:
    - path: data/datasets/feature_dataset.parquet
      hash: md5
      md5: 815081a9f3eb56bd3e7fc6657e3d4729
      size: 2563599
    - path: src/text_classifier/config/config.py
      hash: md5
      md5: b21834be5dae0f449533b0a2cce539cc
      size: 1542
    - path: src/text_classifier/config/logging_config.py
      hash: md5
      md5: a631bbfc142badf7f5e6b48637b8b7b8
      size: 208
    - path: src/text_classifier/data/model_data.py
      hash: md5
      md5: 8491c416541b35f72329d129043d3aae
      size: 324
    - path: src/text_classifier/save_load.py
      hash: md5
      md5: b4c49ad75964a14b13fc9aeebd67e4d2
      size: 2091
    outs:
    - path: data/datasets/model_dataset.parquet
      hash: md5
      md5: 62c9411cea8d0b1677a5f85e0929a6bb
      size: 2425011
  build_train_test_datasets:
    cmd: uv run src/text_classifier/scripts/build_train_test_datasets.py
    deps:
    - path: data/datasets/model_dataset.parquet
      hash: md5
      md5: 62c9411cea8d0b1677a5f85e0929a6bb
      size: 2425011
    - path: src/text_classifier/config/config.py
      hash: md5
      md5: b21834be5dae0f449533b0a2cce539cc
      size: 1542
    - path: src/text_classifier/config/logging_config.py
      hash: md5
      md5: a631bbfc142badf7f5e6b48637b8b7b8
      size: 208
    - path: src/text_classifier/data/split.py
      hash: md5
      md5: a70d05eb657a3f27eddd6369bb0fea5e
      size: 1778
    - path: src/text_classifier/save_load.py
      hash: md5
      md5: b4c49ad75964a14b13fc9aeebd67e4d2
      size: 2091
    - path: src/text_classifier/schema.py
      hash: md5
      md5: 2cc3ab16eceb2b59e68a4931291a044e
      size: 709
    outs:
    - path: artifacts/label_encoder.joblib
      hash: md5
      md5: 3870c5e596cd145a73d38259ef4488d3
      size: 537
    - path: data/datasets/splits/X_test.parquet
      hash: md5
      md5: bc2abc39b05cc2f904537de329bcf604
      size: 672584
    - path: data/datasets/splits/X_train.parquet
      hash: md5
      md5: e06f43848378f2ea701777b7dc5d7a23
      size: 1990446
    - path: data/datasets/splits/y_test.parquet
      hash: md5
      md5: a271ce73e67ce7d21771e70ca67dfb71
      size: 2846
    - path: data/datasets/splits/y_train.parquet
      hash: md5
      md5: 920077ca58d1f9cc1d1c98676e7b44d1
      size: 5394
  evaluate:
    cmd: uv run src/text_classifier/scripts/evaluate.py
    deps:
    - path: artifacts/train/best_estimator.joblib
      hash: md5
      md5: 3644c3416c3a5e713d6e41892ea219ad
      size: 200866
    - path: data/datasets/splits/X_test.parquet
      hash: md5
      md5: bc2abc39b05cc2f904537de329bcf604
      size: 672584
    - path: data/datasets/splits/y_test.parquet
      hash: md5
      md5: a271ce73e67ce7d21771e70ca67dfb71
      size: 2846
    - path: src/text_classifier/config/config.py
      hash: md5
      md5: b21834be5dae0f449533b0a2cce539cc
      size: 1542
    - path: src/text_classifier/config/logging_config.py
      hash: md5
      md5: a631bbfc142badf7f5e6b48637b8b7b8
      size: 208
    - path: src/text_classifier/data/loader.py
      hash: md5
      md5: 7f9140b092059ca7e9e2eb07e9cabecf
      size: 284
    - path: src/text_classifier/evaluation/
      hash: md5
      md5: d4cbf6ec51f429c90d36c7332843e066.dir
      size: 33584
      nfiles: 8
    - path: src/text_classifier/model/predictions.py
      hash: md5
      md5: 1808f43f06602d8ac53780962273212e
      size: 879
    - path: src/text_classifier/protocols.py
      hash: md5
      md5: 17b367f5b6adf4e77d5fba6c3f048ad0
      size: 306
    - path: src/text_classifier/save_load.py
      hash: md5
      md5: b4c49ad75964a14b13fc9aeebd67e4d2
      size: 2091
    - path: src/text_classifier/schema.py
      hash: md5
      md5: 2cc3ab16eceb2b59e68a4931291a044e
      size: 709
    outs:
    - path: artifacts/eval/figs
      hash: md5
      md5: bd2b0e4353da5a1de353007416df6c2a.dir
      size: 97879
      nfiles: 3
    - path: artifacts/eval/metrics
      hash: md5
      md5: d20e21c69cda91831ba8206373fa94f2.dir
      size: 371
      nfiles: 1
    - path: artifacts/eval/plots
      hash: md5
      md5: ceefc574a7ac56ce413c9ee12c08f345.dir
      size: 69153
      nfiles: 3
